data.aws_availability_zones.azs: Reading...
data.aws_availability_zones.azs: Read complete after 0s [id=us-east-1]

Terraform used the selected providers to generate the following execution
plan. Resource actions are indicated with the following symbols:
  + create

Terraform will perform the following actions:

  # aws_internet_gateway.igw will be created
  + resource "aws_internet_gateway" "igw" {
      + arn      = (known after apply)
      + id       = (known after apply)
      + owner_id = (known after apply)
      + tags     = {
          + "Name" = "kojitech_igw"
        }
      + tags_all = {
          + "Name"                    = "kojitech_igw"
          + "ado"                     = "max"
          + "application"             = "http"
          + "application_owner"       = "kojitechs.com"
          + "builder"                 = "udu.udu25@gmail.com"
          + "cell_name"               = "WEB"
          + "component_name"          = "kojitechs"
          + "line_of_business"        = "hospital"
          + "operational_environment" = "DEFAULT"
          + "tech_poc_primary"        = "udu.udu25@gmail.com"
          + "tech_poc_secondary"      = "udu.udu25@gmail.com"
          + "tier"                    = "WEB"
          + "vpc"                     = "WEB"
        }
      + vpc_id   = (known after apply)
    }

  # aws_route_table.route_table will be created
  + resource "aws_route_table" "route_table" {
      + arn              = (known after apply)
      + id               = (known after apply)
      + owner_id         = (known after apply)
      + propagating_vgws = (known after apply)
      + route            = [
          + {
              + carrier_gateway_id         = ""
              + cidr_block                 = "0.0.0.0/0"
              + core_network_arn           = ""
              + destination_prefix_list_id = ""
              + egress_only_gateway_id     = ""
              + gateway_id                 = (known after apply)
              + instance_id                = ""
              + ipv6_cidr_block            = ""
              + local_gateway_id           = ""
              + nat_gateway_id             = ""
              + network_interface_id       = ""
              + transit_gateway_id         = ""
              + vpc_endpoint_id            = ""
              + vpc_peering_connection_id  = ""
            },
        ]
      + tags             = {
          + "Name" = "kojitech_route_table"
        }
      + tags_all         = {
          + "Name"                    = "kojitech_route_table"
          + "ado"                     = "max"
          + "application"             = "http"
          + "application_owner"       = "kojitechs.com"
          + "builder"                 = "udu.udu25@gmail.com"
          + "cell_name"               = "WEB"
          + "component_name"          = "kojitechs"
          + "line_of_business"        = "hospital"
          + "operational_environment" = "DEFAULT"
          + "tech_poc_primary"        = "udu.udu25@gmail.com"
          + "tech_poc_secondary"      = "udu.udu25@gmail.com"
          + "tier"                    = "WEB"
          + "vpc"                     = "WEB"
        }
      + vpc_id           = (known after apply)
    }

  # aws_route_table_association.pub_subnet_1 will be created
  + resource "aws_route_table_association" "pub_subnet_1" {
      + id             = (known after apply)
      + route_table_id = (known after apply)
      + subnet_id      = (known after apply)
    }

  # aws_route_table_association.pub_subnet_2 will be created
  + resource "aws_route_table_association" "pub_subnet_2" {
      + id             = (known after apply)
      + route_table_id = (known after apply)
      + subnet_id      = (known after apply)
    }

  # aws_subnet.database_subnet_1 will be created
  + resource "aws_subnet" "database_subnet_1" {
      + arn                                            = (known after apply)
      + assign_ipv6_address_on_creation                = false
      + availability_zone                              = "us-east-1a"
      + availability_zone_id                           = (known after apply)
      + cidr_block                                     = "10.0.51.0/24"
      + enable_dns64                                   = false
      + enable_resource_name_dns_a_record_on_launch    = false
      + enable_resource_name_dns_aaaa_record_on_launch = false
      + id                                             = (known after apply)
      + ipv6_cidr_block_association_id                 = (known after apply)
      + ipv6_native                                    = false
      + map_public_ip_on_launch                        = false
      + owner_id                                       = (known after apply)
      + private_dns_hostname_type_on_launch            = (known after apply)
      + tags                                           = {
          + "Name" = "database_subnet_us-east-1a"
        }
      + tags_all                                       = {
          + "Name"                    = "database_subnet_us-east-1a"
          + "ado"                     = "max"
          + "application"             = "http"
          + "application_owner"       = "kojitechs.com"
          + "builder"                 = "udu.udu25@gmail.com"
          + "cell_name"               = "WEB"
          + "component_name"          = "kojitechs"
          + "line_of_business"        = "hospital"
          + "operational_environment" = "DEFAULT"
          + "tech_poc_primary"        = "udu.udu25@gmail.com"
          + "tech_poc_secondary"      = "udu.udu25@gmail.com"
          + "tier"                    = "WEB"
          + "vpc"                     = "WEB"
        }
      + vpc_id                                         = (known after apply)
    }

  # aws_subnet.database_subnet_2 will be created
  + resource "aws_subnet" "database_subnet_2" {
      + arn                                            = (known after apply)
      + assign_ipv6_address_on_creation                = false
      + availability_zone                              = "us-east-1b"
      + availability_zone_id                           = (known after apply)
      + cidr_block                                     = "10.0.53.0/24"
      + enable_dns64                                   = false
      + enable_resource_name_dns_a_record_on_launch    = false
      + enable_resource_name_dns_aaaa_record_on_launch = false
      + id                                             = (known after apply)
      + ipv6_cidr_block_association_id                 = (known after apply)
      + ipv6_native                                    = false
      + map_public_ip_on_launch                        = false
      + owner_id                                       = (known after apply)
      + private_dns_hostname_type_on_launch            = (known after apply)
      + tags                                           = {
          + "Name" = "database_subnet_us-east-1b"
        }
      + tags_all                                       = {
          + "Name"                    = "database_subnet_us-east-1b"
          + "ado"                     = "max"
          + "application"             = "http"
          + "application_owner"       = "kojitechs.com"
          + "builder"                 = "udu.udu25@gmail.com"
          + "cell_name"               = "WEB"
          + "component_name"          = "kojitechs"
          + "line_of_business"        = "hospital"
          + "operational_environment" = "DEFAULT"
          + "tech_poc_primary"        = "udu.udu25@gmail.com"
          + "tech_poc_secondary"      = "udu.udu25@gmail.com"
          + "tier"                    = "WEB"
          + "vpc"                     = "WEB"
        }
      + vpc_id                                         = (known after apply)
    }

  # aws_subnet.priv_subnet_1 will be created
  + resource "aws_subnet" "priv_subnet_1" {
      + arn                                            = (known after apply)
      + assign_ipv6_address_on_creation                = false
      + availability_zone                              = "us-east-1a"
      + availability_zone_id                           = (known after apply)
      + cidr_block                                     = "10.0.1.0/24"
      + enable_dns64                                   = false
      + enable_resource_name_dns_a_record_on_launch    = false
      + enable_resource_name_dns_aaaa_record_on_launch = false
      + id                                             = (known after apply)
      + ipv6_cidr_block_association_id                 = (known after apply)
      + ipv6_native                                    = false
      + map_public_ip_on_launch                        = false
      + owner_id                                       = (known after apply)
      + private_dns_hostname_type_on_launch            = (known after apply)
      + tags                                           = {
          + "Name" = "priv_sub_us-east-1a"
        }
      + tags_all                                       = {
          + "Name"                    = "priv_sub_us-east-1a"
          + "ado"                     = "max"
          + "application"             = "http"
          + "application_owner"       = "kojitechs.com"
          + "builder"                 = "udu.udu25@gmail.com"
          + "cell_name"               = "WEB"
          + "component_name"          = "kojitechs"
          + "line_of_business"        = "hospital"
          + "operational_environment" = "DEFAULT"
          + "tech_poc_primary"        = "udu.udu25@gmail.com"
          + "tech_poc_secondary"      = "udu.udu25@gmail.com"
          + "tier"                    = "WEB"
          + "vpc"                     = "WEB"
        }
      + vpc_id                                         = (known after apply)
    }

  # aws_subnet.priv_subnet_2 will be created
  + resource "aws_subnet" "priv_subnet_2" {
      + arn                                            = (known after apply)
      + assign_ipv6_address_on_creation                = false
      + availability_zone                              = "us-east-1b"
      + availability_zone_id                           = (known after apply)
      + cidr_block                                     = "10.0.3.0/24"
      + enable_dns64                                   = false
      + enable_resource_name_dns_a_record_on_launch    = false
      + enable_resource_name_dns_aaaa_record_on_launch = false
      + id                                             = (known after apply)
      + ipv6_cidr_block_association_id                 = (known after apply)
      + ipv6_native                                    = false
      + map_public_ip_on_launch                        = false
      + owner_id                                       = (known after apply)
      + private_dns_hostname_type_on_launch            = (known after apply)
      + tags                                           = {
          + "Name" = "priv_sub_us-east-1b"
        }
      + tags_all                                       = {
          + "Name"                    = "priv_sub_us-east-1b"
          + "ado"                     = "max"
          + "application"             = "http"
          + "application_owner"       = "kojitechs.com"
          + "builder"                 = "udu.udu25@gmail.com"
          + "cell_name"               = "WEB"
          + "component_name"          = "kojitechs"
          + "line_of_business"        = "hospital"
          + "operational_environment" = "DEFAULT"
          + "tech_poc_primary"        = "udu.udu25@gmail.com"
          + "tech_poc_secondary"      = "udu.udu25@gmail.com"
          + "tier"                    = "WEB"
          + "vpc"                     = "WEB"
        }
      + vpc_id                                         = (known after apply)
    }

  # aws_subnet.pub_subnet_1 will be created
  + resource "aws_subnet" "pub_subnet_1" {
      + arn                                            = (known after apply)
      + assign_ipv6_address_on_creation                = false
      + availability_zone                              = "us-east-1a"
      + availability_zone_id                           = (known after apply)
      + cidr_block                                     = "10.0.0.0/24"
      + enable_dns64                                   = false
      + enable_resource_name_dns_a_record_on_launch    = false
      + enable_resource_name_dns_aaaa_record_on_launch = false
      + id                                             = (known after apply)
      + ipv6_cidr_block_association_id                 = (known after apply)
      + ipv6_native                                    = false
      + map_public_ip_on_launch                        = true
      + owner_id                                       = (known after apply)
      + private_dns_hostname_type_on_launch            = (known after apply)
      + tags                                           = {
          + "Name" = "pub_subnet_1"
        }
      + tags_all                                       = {
          + "Name"                    = "pub_subnet_1"
          + "ado"                     = "max"
          + "application"             = "http"
          + "application_owner"       = "kojitechs.com"
          + "builder"                 = "udu.udu25@gmail.com"
          + "cell_name"               = "WEB"
          + "component_name"          = "kojitechs"
          + "line_of_business"        = "hospital"
          + "operational_environment" = "DEFAULT"
          + "tech_poc_primary"        = "udu.udu25@gmail.com"
          + "tech_poc_secondary"      = "udu.udu25@gmail.com"
          + "tier"                    = "WEB"
          + "vpc"                     = "WEB"
        }
      + vpc_id                                         = (known after apply)
    }

  # aws_subnet.pub_subnet_2 will be created
  + resource "aws_subnet" "pub_subnet_2" {
      + arn                                            = (known after apply)
      + assign_ipv6_address_on_creation                = false
      + availability_zone                              = "us-east-1a"
      + availability_zone_id                           = (known after apply)
      + cidr_block                                     = "10.0.2.0/24"
      + enable_dns64                                   = false
      + enable_resource_name_dns_a_record_on_launch    = false
      + enable_resource_name_dns_aaaa_record_on_launch = false
      + id                                             = (known after apply)
      + ipv6_cidr_block_association_id                 = (known after apply)
      + ipv6_native                                    = false
      + map_public_ip_on_launch                        = true
      + owner_id                                       = (known after apply)
      + private_dns_hostname_type_on_launch            = (known after apply)
      + tags                                           = {
          + "Name" = "pub_subnet_2"
        }
      + tags_all                                       = {
          + "Name"                    = "pub_subnet_2"
          + "ado"                     = "max"
          + "application"             = "http"
          + "application_owner"       = "kojitechs.com"
          + "builder"                 = "udu.udu25@gmail.com"
          + "cell_name"               = "WEB"
          + "component_name"          = "kojitechs"
          + "line_of_business"        = "hospital"
          + "operational_environment" = "DEFAULT"
          + "tech_poc_primary"        = "udu.udu25@gmail.com"
          + "tech_poc_secondary"      = "udu.udu25@gmail.com"
          + "tier"                    = "WEB"
          + "vpc"                     = "WEB"
        }
      + vpc_id                                         = (known after apply)
    }

  # aws_vpc.kojitechs_vpc will be created
  + resource "aws_vpc" "kojitechs_vpc" {
      + arn                                  = (known after apply)
      + cidr_block                           = "10.0.0.0/16"
      + default_network_acl_id               = (known after apply)
      + default_route_table_id               = (known after apply)
      + default_security_group_id            = (known after apply)
      + dhcp_options_id                      = (known after apply)
      + enable_classiclink                   = (known after apply)
      + enable_classiclink_dns_support       = (known after apply)
      + enable_dns_hostnames                 = true
      + enable_dns_support                   = true
      + id                                   = (known after apply)
      + instance_tenancy                     = "default"
      + ipv6_association_id                  = (known after apply)
      + ipv6_cidr_block                      = (known after apply)
      + ipv6_cidr_block_network_border_group = (known after apply)
      + main_route_table_id                  = (known after apply)
      + owner_id                             = (known after apply)
      + tags                                 = {
          + "Name" = "kojitechs_vpc"
        }
      + tags_all                             = {
          + "Name"                    = "kojitechs_vpc"
          + "ado"                     = "max"
          + "application"             = "http"
          + "application_owner"       = "kojitechs.com"
          + "builder"                 = "udu.udu25@gmail.com"
          + "cell_name"               = "WEB"
          + "component_name"          = "kojitechs"
          + "line_of_business"        = "hospital"
          + "operational_environment" = "DEFAULT"
          + "tech_poc_primary"        = "udu.udu25@gmail.com"
          + "tech_poc_secondary"      = "udu.udu25@gmail.com"
          + "tier"                    = "WEB"
          + "vpc"                     = "WEB"
        }
    }

Plan: 11 to add, 0 to change, 0 to destroy.

─────────────────────────────────────────────────────────────────────────────

Note: You didn't use the -out option to save this plan, so Terraform can't
guarantee to take exactly these actions if you run "terraform apply" now.
